{
  "name": "@indra.ai/legaldeva",
  "version": "0.0.9",
  "lockfileVersion": 3,
  "requires": true,
  "packages": {
    "": {
      "name": "@indra.ai/legaldeva",
      "version": "0.0.9",
      "license": "MIT",
      "dependencies": {
        "@indra.ai/deva": "^1.1.57"
      }
    },
    "node_modules/@indra.ai/deva": {
      "version": "1.1.57",
      "resolved": "https://registry.npmjs.org/@indra.ai/deva/-/deva-1.1.57.tgz",
      "integrity": "sha512-0OxHqCg0JSScGsI23nSF2HVcHItUcbGVcCJqttv6UsjTtJ6N2GVRm/fWl+hMDKRtVpkQy0/BwftNZqW05L/+Tw==",
      "engines": {
        "node": ">=10.0.0",
        "npm": ">=6.0.0"
      }
    }
  }
}
