{
  "name": "@indra.ai/legaldeva",
  "version": "0.0.8",
  "lockfileVersion": 3,
  "requires": true,
  "packages": {
    "": {
      "name": "@indra.ai/legaldeva",
      "version": "0.0.8",
      "license": "MIT",
      "dependencies": {
        "@indra.ai/deva": "^1.1.56"
      }
    },
    "node_modules/@indra.ai/deva": {
      "version": "1.1.56",
      "resolved": "https://registry.npmjs.org/@indra.ai/deva/-/deva-1.1.56.tgz",
      "integrity": "sha512-W61c5nk4ZKEeFzsw94Zb5lWLo8Q7chKjDnlcqs/g8Y4E0GapeswIAmtoHk4Ap4CpeApwpiriyxtEH7zPA+vwAQ==",
      "engines": {
        "node": ">=10.0.0",
        "npm": ">=6.0.0"
      }
    }
  }
}
